
Microsoft Visual Studio Solution File, Format Version 12.00
# Visual Studio Version 17
VisualStudioVersion = 17.12.35707.178
MinimumVisualStudioVersion = 10.0.40219.1
Project("{FAE04EC0-301F-11D3-BF4B-00C04F79EFBC}") = "HW1", "HW1\HW1.csproj", "{BF916D5C-86B9-4E75-8D65-204A15FFB6FB}"
EndProject
Project("{FAE04EC0-301F-11D3-BF4B-00C04F79EFBC}") = "HW3", "HW3\HW3.csproj", "{84A042EC-9523-491F-B227-6AA45D967E1E}"
EndProject
Project("{FAE04EC0-301F-11D3-BF4B-00C04F79EFBC}") = "HW4", "HW4\HW4.csproj", "{039B1E7D-264F-479A-858F-A3D98FCA7B56}"
EndProject
Project("{FAE04EC0-301F-11D3-BF4B-00C04F79EFBC}") = "HW5", "HW5\HW5.csproj", "{2AE12F75-A254-4B61-8FFF-79A0DAA1DBC0}"
EndProject
Project("{FAE04EC0-301F-11D3-BF4B-00C04F79EFBC}") = "HW6", "HW6\HW6.csproj", "{A2BB6778-CEE2-494A-BD1B-B6CFE334F616}"
EndProject
Project("{FAE04EC0-301F-11D3-BF4B-00C04F79EFBC}") = "HW7", "HW7\HW7.csproj", "{437DF779-CB55-4B2A-8434-CDAA81DF5558}"
EndProject
Project("{FAE04EC0-301F-11D3-BF4B-00C04F79EFBC}") = "HW8", "HW8\HW8.csproj", "{496BA101-5591-4979-B74C-89EF3B106AE3}"
EndProject
Project("{FAE04EC0-301F-11D3-BF4B-00C04F79EFBC}") = "HW8.1", "HW8.1\HW8.1.csproj", "{FC9C87C9-12BB-4728-AEFF-1316EFD1C89F}"
EndProject
Project("{FAE04EC0-301F-11D3-BF4B-00C04F79EFBC}") = "HW9.1", "HW9.1\HW9.1.csproj", "{55063F51-3B7B-4B3F-B49F-D5E908325851}"
EndProject
Project("{FAE04EC0-301F-11D3-BF4B-00C04F79EFBC}") = "HW10.1", "HW10.1\HW10.1.csproj", "{81606CBE-1526-4B4D-A9CE-F2B3ADED218C}"
EndProject
Project("{FAE04EC0-301F-11D3-BF4B-00C04F79EFBC}") = "HW10.2", "HW10.2\HW10.2.csproj", "{CD28AE30-67F3-49E1-B4EE-9FDE01DC9E8B}"
EndProject
Project("{FAE04EC0-301F-11D3-BF4B-00C04F79EFBC}") = "HW10.3", "HW10.3\HW10.3.csproj", "{AE5BE5C4-594B-4433-9FA6-7CACC5E4809F}"
EndProject
Project("{FAE04EC0-301F-11D3-BF4B-00C04F79EFBC}") = "HW11.1", "HW11.1\HW11.1.csproj", "{63327D55-1267-4A7B-A376-7B25BA71083A}"
EndProject
Project("{FAE04EC0-301F-11D3-BF4B-00C04F79EFBC}") = "HW12.1", "HW12.1\HW12.1.csproj", "{D2288345-419E-40F9-9A28-8E527716C05B}"
EndProject
Project("{FAE04EC0-301F-11D3-BF4B-00C04F79EFBC}") = "HW13.1", "HW13.1\HW13.1.csproj", "{45E4CDDA-4C58-4945-8068-32952F0ADCE0}"
EndProject
Project("{FAE04EC0-301F-11D3-BF4B-00C04F79EFBC}") = "HW14.1", "HW14.1\HW14.1.csproj", "{FA4C9E89-5961-49D6-8DAF-DC8BC1E058E8}"
EndProject
Global
	GlobalSection(SolutionConfigurationPlatforms) = preSolution
		Debug|Any CPU = Debug|Any CPU
		Release|Any CPU = Release|Any CPU
	EndGlobalSection
	GlobalSection(ProjectConfigurationPlatforms) = postSolution
		{BF916D5C-86B9-4E75-8D65-204A15FFB6FB}.Debug|Any CPU.ActiveCfg = Debug|Any CPU
		{BF916D5C-86B9-4E75-8D65-204A15FFB6FB}.Debug|Any CPU.Build.0 = Debug|Any CPU
		{BF916D5C-86B9-4E75-8D65-204A15FFB6FB}.Release|Any CPU.ActiveCfg = Release|Any CPU
		{BF916D5C-86B9-4E75-8D65-204A15FFB6FB}.Release|Any CPU.Build.0 = Release|Any CPU
		{84A042EC-9523-491F-B227-6AA45D967E1E}.Debug|Any CPU.ActiveCfg = Debug|Any CPU
		{84A042EC-9523-491F-B227-6AA45D967E1E}.Debug|Any CPU.Build.0 = Debug|Any CPU
		{84A042EC-9523-491F-B227-6AA45D967E1E}.Release|Any CPU.ActiveCfg = Release|Any CPU
		{84A042EC-9523-491F-B227-6AA45D967E1E}.Release|Any CPU.Build.0 = Release|Any CPU
		{039B1E7D-264F-479A-858F-A3D98FCA7B56}.Debug|Any CPU.ActiveCfg = Debug|Any CPU
		{039B1E7D-264F-479A-858F-A3D98FCA7B56}.Debug|Any CPU.Build.0 = Debug|Any CPU
		{039B1E7D-264F-479A-858F-A3D98FCA7B56}.Release|Any CPU.ActiveCfg = Release|Any CPU
		{039B1E7D-264F-479A-858F-A3D98FCA7B56}.Release|Any CPU.Build.0 = Release|Any CPU
		{2AE12F75-A254-4B61-8FFF-79A0DAA1DBC0}.Debug|Any CPU.ActiveCfg = Debug|Any CPU
		{2AE12F75-A254-4B61-8FFF-79A0DAA1DBC0}.Debug|Any CPU.Build.0 = Debug|Any CPU
		{2AE12F75-A254-4B61-8FFF-79A0DAA1DBC0}.Release|Any CPU.ActiveCfg = Release|Any CPU
		{2AE12F75-A254-4B61-8FFF-79A0DAA1DBC0}.Release|Any CPU.Build.0 = Release|Any CPU
		{A2BB6778-CEE2-494A-BD1B-B6CFE334F616}.Debug|Any CPU.ActiveCfg = Debug|Any CPU
		{A2BB6778-CEE2-494A-BD1B-B6CFE334F616}.Debug|Any CPU.Build.0 = Debug|Any CPU
		{A2BB6778-CEE2-494A-BD1B-B6CFE334F616}.Release|Any CPU.ActiveCfg = Release|Any CPU
		{A2BB6778-CEE2-494A-BD1B-B6CFE334F616}.Release|Any CPU.Build.0 = Release|Any CPU
		{437DF779-CB55-4B2A-8434-CDAA81DF5558}.Debug|Any CPU.ActiveCfg = Debug|Any CPU
		{437DF779-CB55-4B2A-8434-CDAA81DF5558}.Debug|Any CPU.Build.0 = Debug|Any CPU
		{437DF779-CB55-4B2A-8434-CDAA81DF5558}.Release|Any CPU.ActiveCfg = Release|Any CPU
		{437DF779-CB55-4B2A-8434-CDAA81DF5558}.Release|Any CPU.Build.0 = Release|Any CPU
		{496BA101-5591-4979-B74C-89EF3B106AE3}.Debug|Any CPU.ActiveCfg = Debug|Any CPU
		{496BA101-5591-4979-B74C-89EF3B106AE3}.Debug|Any CPU.Build.0 = Debug|Any CPU
		{496BA101-5591-4979-B74C-89EF3B106AE3}.Release|Any CPU.ActiveCfg = Release|Any CPU
		{496BA101-5591-4979-B74C-89EF3B106AE3}.Release|Any CPU.Build.0 = Release|Any CPU
		{FC9C87C9-12BB-4728-AEFF-1316EFD1C89F}.Debug|Any CPU.ActiveCfg = Debug|Any CPU
		{FC9C87C9-12BB-4728-AEFF-1316EFD1C89F}.Debug|Any CPU.Build.0 = Debug|Any CPU
		{FC9C87C9-12BB-4728-AEFF-1316EFD1C89F}.Release|Any CPU.ActiveCfg = Release|Any CPU
		{FC9C87C9-12BB-4728-AEFF-1316EFD1C89F}.Release|Any CPU.Build.0 = Release|Any CPU
		{55063F51-3B7B-4B3F-B49F-D5E908325851}.Debug|Any CPU.ActiveCfg = Debug|Any CPU
		{55063F51-3B7B-4B3F-B49F-D5E908325851}.Debug|Any CPU.Build.0 = Debug|Any CPU
		{55063F51-3B7B-4B3F-B49F-D5E908325851}.Release|Any CPU.ActiveCfg = Release|Any CPU
		{55063F51-3B7B-4B3F-B49F-D5E908325851}.Release|Any CPU.Build.0 = Release|Any CPU
		{81606CBE-1526-4B4D-A9CE-F2B3ADED218C}.Debug|Any CPU.ActiveCfg = Debug|Any CPU
		{81606CBE-1526-4B4D-A9CE-F2B3ADED218C}.Debug|Any CPU.Build.0 = Debug|Any CPU
		{81606CBE-1526-4B4D-A9CE-F2B3ADED218C}.Release|Any CPU.ActiveCfg = Release|Any CPU
		{81606CBE-1526-4B4D-A9CE-F2B3ADED218C}.Release|Any CPU.Build.0 = Release|Any CPU
		{CD28AE30-67F3-49E1-B4EE-9FDE01DC9E8B}.Debug|Any CPU.ActiveCfg = Debug|Any CPU
		{CD28AE30-67F3-49E1-B4EE-9FDE01DC9E8B}.Debug|Any CPU.Build.0 = Debug|Any CPU
		{CD28AE30-67F3-49E1-B4EE-9FDE01DC9E8B}.Release|Any CPU.ActiveCfg = Release|Any CPU
		{CD28AE30-67F3-49E1-B4EE-9FDE01DC9E8B}.Release|Any CPU.Build.0 = Release|Any CPU
		{AE5BE5C4-594B-4433-9FA6-7CACC5E4809F}.Debug|Any CPU.ActiveCfg = Debug|Any CPU
		{AE5BE5C4-594B-4433-9FA6-7CACC5E4809F}.Debug|Any CPU.Build.0 = Debug|Any CPU
		{AE5BE5C4-594B-4433-9FA6-7CACC5E4809F}.Release|Any CPU.ActiveCfg = Release|Any CPU
		{AE5BE5C4-594B-4433-9FA6-7CACC5E4809F}.Release|Any CPU.Build.0 = Release|Any CPU
		{63327D55-1267-4A7B-A376-7B25BA71083A}.Debug|Any CPU.ActiveCfg = Debug|Any CPU
		{63327D55-1267-4A7B-A376-7B25BA71083A}.Debug|Any CPU.Build.0 = Debug|Any CPU
		{63327D55-1267-4A7B-A376-7B25BA71083A}.Release|Any CPU.ActiveCfg = Release|Any CPU
		{63327D55-1267-4A7B-A376-7B25BA71083A}.Release|Any CPU.Build.0 = Release|Any CPU
		{D2288345-419E-40F9-9A28-8E527716C05B}.Debug|Any CPU.ActiveCfg = Debug|Any CPU
		{D2288345-419E-40F9-9A28-8E527716C05B}.Debug|Any CPU.Build.0 = Debug|Any CPU
		{D2288345-419E-40F9-9A28-8E527716C05B}.Release|Any CPU.ActiveCfg = Release|Any CPU
		{D2288345-419E-40F9-9A28-8E527716C05B}.Release|Any CPU.Build.0 = Release|Any CPU
		{45E4CDDA-4C58-4945-8068-32952F0ADCE0}.Debug|Any CPU.ActiveCfg = Debug|Any CPU
		{45E4CDDA-4C58-4945-8068-32952F0ADCE0}.Debug|Any CPU.Build.0 = Debug|Any CPU
		{45E4CDDA-4C58-4945-8068-32952F0ADCE0}.Release|Any CPU.ActiveCfg = Release|Any CPU
		{45E4CDDA-4C58-4945-8068-32952F0ADCE0}.Release|Any CPU.Build.0 = Release|Any CPU
		{FA4C9E89-5961-49D6-8DAF-DC8BC1E058E8}.Debug|Any CPU.ActiveCfg = Debug|Any CPU
		{FA4C9E89-5961-49D6-8DAF-DC8BC1E058E8}.Debug|Any CPU.Build.0 = Debug|Any CPU
		{FA4C9E89-5961-49D6-8DAF-DC8BC1E058E8}.Release|Any CPU.ActiveCfg = Release|Any CPU
		{FA4C9E89-5961-49D6-8DAF-DC8BC1E058E8}.Release|Any CPU.Build.0 = Release|Any CPU
	EndGlobalSection
	GlobalSection(SolutionProperties) = preSolution
		HideSolutionNode = FALSE
	EndGlobalSection
EndGlobal
