
Microsoft Visual Studio Solution File, Format Version 12.00
# Visual Studio Version 17
VisualStudioVersion = 17.12.35707.178
MinimumVisualStudioVersion = 10.0.40219.1
Project("{FAE04EC0-301F-11D3-BF4B-00C04F79EFBC}") = "HW1", "HW1\HW1.csproj", "{BF916D5C-86B9-4E75-8D65-204A15FFB6FB}"
EndProject
Project("{FAE04EC0-301F-11D3-BF4B-00C04F79EFBC}") = "HW3", "HW3\HW3.csproj", "{84A042EC-9523-491F-B227-6AA45D967E1E}"
EndProject
Project("{FAE04EC0-301F-11D3-BF4B-00C04F79EFBC}") = "HW4", "HW4\HW4.csproj", "{039B1E7D-264F-479A-858F-A3D98FCA7B56}"
EndProject
Project("{FAE04EC0-301F-11D3-BF4B-00C04F79EFBC}") = "HW5", "HW5\HW5.csproj", "{2AE12F75-A254-4B61-8FFF-79A0DAA1DBC0}"
EndProject
Project("{FAE04EC0-301F-11D3-BF4B-00C04F79EFBC}") = "HW6", "HW6\HW6.csproj", "{A2BB6778-CEE2-494A-BD1B-B6CFE334F616}"
EndProject
Project("{FAE04EC0-301F-11D3-BF4B-00C04F79EFBC}") = "HW7", "HW7\HW7.csproj", "{437DF779-CB55-4B2A-8434-CDAA81DF5558}"
EndProject
Project("{FAE04EC0-301F-11D3-BF4B-00C04F79EFBC}") = "HW8", "HW8\HW8.csproj", "{496BA101-5591-4979-B74C-89EF3B106AE3}"
EndProject
Global
	GlobalSection(SolutionConfigurationPlatforms) = preSolution
		Debug|Any CPU = Debug|Any CPU
		Release|Any CPU = Release|Any CPU
	EndGlobalSection
	GlobalSection(ProjectConfigurationPlatforms) = postSolution
		{BF916D5C-86B9-4E75-8D65-204A15FFB6FB}.Debug|Any CPU.ActiveCfg = Debug|Any CPU
		{BF916D5C-86B9-4E75-8D65-204A15FFB6FB}.Debug|Any CPU.Build.0 = Debug|Any CPU
		{BF916D5C-86B9-4E75-8D65-204A15FFB6FB}.Release|Any CPU.ActiveCfg = Release|Any CPU
		{BF916D5C-86B9-4E75-8D65-204A15FFB6FB}.Release|Any CPU.Build.0 = Release|Any CPU
		{84A042EC-9523-491F-B227-6AA45D967E1E}.Debug|Any CPU.ActiveCfg = Debug|Any CPU
		{84A042EC-9523-491F-B227-6AA45D967E1E}.Debug|Any CPU.Build.0 = Debug|Any CPU
		{84A042EC-9523-491F-B227-6AA45D967E1E}.Release|Any CPU.ActiveCfg = Release|Any CPU
		{84A042EC-9523-491F-B227-6AA45D967E1E}.Release|Any CPU.Build.0 = Release|Any CPU
		{039B1E7D-264F-479A-858F-A3D98FCA7B56}.Debug|Any CPU.ActiveCfg = Debug|Any CPU
		{039B1E7D-264F-479A-858F-A3D98FCA7B56}.Debug|Any CPU.Build.0 = Debug|Any CPU
		{039B1E7D-264F-479A-858F-A3D98FCA7B56}.Release|Any CPU.ActiveCfg = Release|Any CPU
		{039B1E7D-264F-479A-858F-A3D98FCA7B56}.Release|Any CPU.Build.0 = Release|Any CPU
		{2AE12F75-A254-4B61-8FFF-79A0DAA1DBC0}.Debug|Any CPU.ActiveCfg = Debug|Any CPU
		{2AE12F75-A254-4B61-8FFF-79A0DAA1DBC0}.Debug|Any CPU.Build.0 = Debug|Any CPU
		{2AE12F75-A254-4B61-8FFF-79A0DAA1DBC0}.Release|Any CPU.ActiveCfg = Release|Any CPU
		{2AE12F75-A254-4B61-8FFF-79A0DAA1DBC0}.Release|Any CPU.Build.0 = Release|Any CPU
		{A2BB6778-CEE2-494A-BD1B-B6CFE334F616}.Debug|Any CPU.ActiveCfg = Debug|Any CPU
		{A2BB6778-CEE2-494A-BD1B-B6CFE334F616}.Debug|Any CPU.Build.0 = Debug|Any CPU
		{A2BB6778-CEE2-494A-BD1B-B6CFE334F616}.Release|Any CPU.ActiveCfg = Release|Any CPU
		{A2BB6778-CEE2-494A-BD1B-B6CFE334F616}.Release|Any CPU.Build.0 = Release|Any CPU
		{437DF779-CB55-4B2A-8434-CDAA81DF5558}.Debug|Any CPU.ActiveCfg = Debug|Any CPU
		{437DF779-CB55-4B2A-8434-CDAA81DF5558}.Debug|Any CPU.Build.0 = Debug|Any CPU
		{437DF779-CB55-4B2A-8434-CDAA81DF5558}.Release|Any CPU.ActiveCfg = Release|Any CPU
		{437DF779-CB55-4B2A-8434-CDAA81DF5558}.Release|Any CPU.Build.0 = Release|Any CPU
		{496BA101-5591-4979-B74C-89EF3B106AE3}.Debug|Any CPU.ActiveCfg = Debug|Any CPU
		{496BA101-5591-4979-B74C-89EF3B106AE3}.Debug|Any CPU.Build.0 = Debug|Any CPU
		{496BA101-5591-4979-B74C-89EF3B106AE3}.Release|Any CPU.ActiveCfg = Release|Any CPU
		{496BA101-5591-4979-B74C-89EF3B106AE3}.Release|Any CPU.Build.0 = Release|Any CPU
	EndGlobalSection
	GlobalSection(SolutionProperties) = preSolution
		HideSolutionNode = FALSE
	EndGlobalSection
EndGlobal
